// !$*UTF8*$!
{
	archiveVersion = 1;
	classes = {
	};
	objectVersion = 56;
	objects = {

/* Begin PBXBuildFile section */
		A10000000000000000000001 /* Assets.xcassets in Resources */ = {isa = PBXBuildFile; fileRef = A10000000000000000000002 /* Assets.xcassets */; };
		A10000000000000000000003 /* en.lproj in Resources */ = {isa = PBXBuildFile; fileRef = A10000000000000000000004 /* en.lproj */; };
		A10000000000000000000005 /* zh-Hans.lproj in Resources */ = {isa = PBXBuildFile; fileRef = A10000000000000000000006 /* zh-Hans.lproj */; };
		A10000000000000000000007 /* latest.json in Resources */ = {isa = PBXBuildFile; fileRef = A10000000000000000000008 /* latest.json */; };
		A10000000000000000000009 /* AppIcon.icns in Resources */ = {isa = PBXBuildFile; fileRef = A10000000000000000000010 /* AppIcon.icns */; };
		481327A8FF5E06A444021B4F /* LiquidCodeApp.swift in Sources */ = {isa = PBXBuildFile; fileRef = 68FC2B588508C35ABE89C78B /* LiquidCodeApp.swift */; };
		F6B5F45FFF55524ACEAAED39 /* AppModel.swift in Sources */ = {isa = PBXBuildFile; fileRef = 534405F12F47E3F5F8CBF1A1 /* AppModel.swift */; };
		B5D3071441A17FAEE9299538 /* Views.swift in Sources */ = {isa = PBXBuildFile; fileRef = E2D6FC4FDC5C0755ABEA581A /* Views.swift */; };
		67DED845EB0AA5BBB0AE3A15 /* Services.swift in Sources */ = {isa = PBXBuildFile; fileRef = 1782DD0F092018F372E6865E /* Services.swift */; };
		4A6F2B3C1D9E4F5081A2B3C4 /* OnboardingService.swift in Sources */ = {isa = PBXBuildFile; fileRef = 4A6F2B3C1D9E4F5081A2B3C3 /* OnboardingService.swift */; };
		B56B92B498FAD87AE5F9323B /* FeatureModels.swift in Sources */ = {isa = PBXBuildFile; fileRef = DEBC2FDC888C4462CD83E008 /* FeatureModels.swift */; };
		C28E3B592A560C32484F497E /* Models.swift in Sources */ = {isa = PBXBuildFile; fileRef = 78FD430803560F137BDECEE8 /* Models.swift */; };
		255A9E666B82E3DE6F816346 /* OperationalServices.swift in Sources */ = {isa = PBXBuildFile; fileRef = E005A4054D67DCE5BC0B424B /* OperationalServices.swift */; };
		3AEAC5D857E3702918C33289 /* NativeGlass.swift in Sources */ = {isa = PBXBuildFile; fileRef = AB73F7483A5E9CE40C2D828F /* NativeGlass.swift */; };
		10C08B657860B017423A3F77 /* ClaudeCLIEngine.swift in Sources */ = {isa = PBXBuildFile; fileRef = 97FB65069BA563012904B9C1 /* ClaudeCLIEngine.swift */; };
		1AE55374E532E0E4B49DB4BD /* cc-agentd.mjs in Resources */ = {isa = PBXBuildFile; fileRef = 95FCC289E1AF3EA6B3F6026B /* cc-agentd.mjs */; };
		A20000000000000000000001 /* FeatureModelRegressionTests.swift in Sources */ = {isa = PBXBuildFile; fileRef = A20000000000000000000011 /* FeatureModelRegressionTests.swift */; };
		A20000000000000000000002 /* OnboardingMigrationTests.swift in Sources */ = {isa = PBXBuildFile; fileRef = A20000000000000000000012 /* OnboardingMigrationTests.swift */; };
		A20000000000000000000003 /* ReleaseHelperTests.swift in Sources */ = {isa = PBXBuildFile; fileRef = A20000000000000000000013 /* ReleaseHelperTests.swift */; };
		A20000000000000000000004 /* RuntimeParityTests.swift in Sources */ = {isa = PBXBuildFile; fileRef = A20000000000000000000014 /* RuntimeParityTests.swift */; };
		A20000000000000000000005 /* SkillRegressionTests.swift in Sources */ = {isa = PBXBuildFile; fileRef = A20000000000000000000015 /* SkillRegressionTests.swift */; };
		A20000000000000000000006 /* StreamEventParserTests.swift in Sources */ = {isa = PBXBuildFile; fileRef = DB231C409ABA55190E919DE8 /* StreamEventParserTests.swift */; };
		A20000000000000000000007 /* LiquidCodeTests.xctest in Products */ = {isa = PBXBuildFile; fileRef = A20000000000000000000016 /* LiquidCodeTests.xctest */; };
/* End PBXBuildFile section */

/* Begin PBXFileReference section */
		A10000000000000000000002 /* Assets.xcassets */ = {isa = PBXFileReference; lastKnownFileType = folder.assetcatalog; path = Assets.xcassets; sourceTree = "<group>"; };
		A10000000000000000000004 /* en.lproj */ = {isa = PBXFileReference; lastKnownFileType = folder; path = en.lproj; sourceTree = "<group>"; };
		A10000000000000000000006 /* zh-Hans.lproj */ = {isa = PBXFileReference; lastKnownFileType = folder; path = "zh-Hans.lproj"; sourceTree = "<group>"; };
		A10000000000000000000008 /* latest.json */ = {isa = PBXFileReference; lastKnownFileType = text.json; path = latest.json; sourceTree = "<group>"; };
		A10000000000000000000010 /* AppIcon.icns */ = {isa = PBXFileReference; lastKnownFileType = image.icns; path = AppIcon.icns; sourceTree = "<group>"; };
		68FC2B588508C35ABE89C78B /* LiquidCodeApp.swift */ = {isa = PBXFileReference; lastKnownFileType = sourcecode.swift; path = LiquidCodeApp.swift; sourceTree = "<group>"; };
		534405F12F47E3F5F8CBF1A1 /* AppModel.swift */ = {isa = PBXFileReference; lastKnownFileType = sourcecode.swift; path = AppModel.swift; sourceTree = "<group>"; };
		E2D6FC4FDC5C0755ABEA581A /* Views.swift */ = {isa = PBXFileReference; lastKnownFileType = sourcecode.swift; path = Views.swift; sourceTree = "<group>"; };
		1782DD0F092018F372E6865E /* Services.swift */ = {isa = PBXFileReference; lastKnownFileType = sourcecode.swift; path = Services.swift; sourceTree = "<group>"; };
		4A6F2B3C1D9E4F5081A2B3C3 /* OnboardingService.swift */ = {isa = PBXFileReference; lastKnownFileType = sourcecode.swift; path = OnboardingService.swift; sourceTree = "<group>"; };
		DEBC2FDC888C4462CD83E008 /* FeatureModels.swift */ = {isa = PBXFileReference; lastKnownFileType = sourcecode.swift; path = FeatureModels.swift; sourceTree = "<group>"; };
		78FD430803560F137BDECEE8 /* Models.swift */ = {isa = PBXFileReference; lastKnownFileType = sourcecode.swift; path = Models.swift; sourceTree = "<group>"; };
		E005A4054D67DCE5BC0B424B /* OperationalServices.swift */ = {isa = PBXFileReference; lastKnownFileType = sourcecode.swift; path = OperationalServices.swift; sourceTree = "<group>"; };
		AB73F7483A5E9CE40C2D828F /* NativeGlass.swift */ = {isa = PBXFileReference; lastKnownFileType = sourcecode.swift; path = NativeGlass.swift; sourceTree = "<group>"; };
		97FB65069BA563012904B9C1 /* ClaudeCLIEngine.swift */ = {isa = PBXFileReference; lastKnownFileType = sourcecode.swift; path = ClaudeCLIEngine.swift; sourceTree = "<group>"; };
		DB231C409ABA55190E919DE8 /* StreamEventParserTests.swift */ = {isa = PBXFileReference; lastKnownFileType = sourcecode.swift; path = StreamEventParserTests.swift; sourceTree = "<group>"; };
		EBABCC81998DC9B30C36E39B /* Info.plist */ = {isa = PBXFileReference; lastKnownFileType = text.plist.xml; path = Info.plist; sourceTree = "<group>"; };
		47C3AAC97E5B7C32E7CC1D61 /* LiquidCode.entitlements */ = {isa = PBXFileReference; lastKnownFileType = text.plist.entitlements; path = LiquidCode.entitlements; sourceTree = "<group>"; };
		95FCC289E1AF3EA6B3F6026B /* cc-agentd.mjs */ = {isa = PBXFileReference; lastKnownFileType = text.script.node; path = "cc-agentd.mjs"; sourceTree = "<group>"; };
		EC8041DC4691BF74F25B1327 /* LiquidCode.app */ = {isa = PBXFileReference; explicitFileType = wrapper.application; includeInIndex = 0; path = LiquidCode.app; sourceTree = BUILT_PRODUCTS_DIR; };
		A20000000000000000000011 /* FeatureModelRegressionTests.swift */ = {isa = PBXFileReference; lastKnownFileType = sourcecode.swift; path = FeatureModelRegressionTests.swift; sourceTree = "<group>"; };
		A20000000000000000000012 /* OnboardingMigrationTests.swift */ = {isa = PBXFileReference; lastKnownFileType = sourcecode.swift; path = OnboardingMigrationTests.swift; sourceTree = "<group>"; };
		A20000000000000000000013 /* ReleaseHelperTests.swift */ = {isa = PBXFileReference; lastKnownFileType = sourcecode.swift; path = ReleaseHelperTests.swift; sourceTree = "<group>"; };
		A20000000000000000000014 /* RuntimeParityTests.swift */ = {isa = PBXFileReference; lastKnownFileType = sourcecode.swift; path = RuntimeParityTests.swift; sourceTree = "<group>"; };
		A20000000000000000000015 /* SkillRegressionTests.swift */ = {isa = PBXFileReference; lastKnownFileType = sourcecode.swift; path = SkillRegressionTests.swift; sourceTree = "<group>"; };
		A20000000000000000000016 /* LiquidCodeTests.xctest */ = {isa = PBXFileReference; explicitFileType = wrapper.cfbundle; includeInIndex = 0; path = LiquidCodeTests.xctest; sourceTree = BUILT_PRODUCTS_DIR; };
/* End PBXFileReference section */

/* Begin PBXContainerItemProxy section */
		A20000000000000000000017 /* PBXContainerItemProxy */ = {
			isa = PBXContainerItemProxy;
			containerPortal = 9E88446A3F44B57E975BE17B /* Project object */;
			proxyType = 1;
			remoteGlobalIDString = 95E02616FD9FA97DEBC6A20B;
			remoteInfo = LiquidCode;
		};
/* End PBXContainerItemProxy section */

/* Begin PBXFrameworksBuildPhase section */
		638E26A450C0634CF4CB1AE4 /* Frameworks */ = {
			isa = PBXFrameworksBuildPhase;
			buildActionMask = 2147483647;
			files = (
			);
			runOnlyForDeploymentPostprocessing = 0;
		};
		A20000000000000000000018 /* Frameworks */ = {
			isa = PBXFrameworksBuildPhase;
			buildActionMask = 2147483647;
			files = (
			);
			runOnlyForDeploymentPostprocessing = 0;
		};
/* End PBXFrameworksBuildPhase section */

/* Begin PBXGroup section */
		2EB2D8158FC6EF9EB19CB439 = {
			isa = PBXGroup;
			children = (
				2568F4DEBB06535449829F17 /* Sources */,
				788492B1BB25053FB57A79AB /* Tests */,
				567F2FDE2E8D3E9A09D6C13B /* resources */,
				4AD1C60B2E264622FC68D5B0 /* sidecar */,
				1E78B559816E575FC0BDB29C /* Products */,
			);
			sourceTree = "<group>";
		};
		2568F4DEBB06535449829F17 /* Sources */ = {
			isa = PBXGroup;
			children = (
				8A9F255A8A7EBF844ABAA0D2 /* LiquidCode */,
			);
			path = Sources;
			sourceTree = "<group>";
		};
		8A9F255A8A7EBF844ABAA0D2 /* LiquidCode */ = {
			isa = PBXGroup;
			children = (
				68FC2B588508C35ABE89C78B /* LiquidCodeApp.swift */,
				534405F12F47E3F5F8CBF1A1 /* AppModel.swift */,
				E2D6FC4FDC5C0755ABEA581A /* Views.swift */,
				1782DD0F092018F372E6865E /* Services.swift */,
				4A6F2B3C1D9E4F5081A2B3C3 /* OnboardingService.swift */,
				DEBC2FDC888C4462CD83E008 /* FeatureModels.swift */,
				78FD430803560F137BDECEE8 /* Models.swift */,
				E005A4054D67DCE5BC0B424B /* OperationalServices.swift */,
				AB73F7483A5E9CE40C2D828F /* NativeGlass.swift */,
				97FB65069BA563012904B9C1 /* ClaudeCLIEngine.swift */,
			);
			path = LiquidCode;
			sourceTree = "<group>";
		};
		788492B1BB25053FB57A79AB /* Tests */ = {
			isa = PBXGroup;
			children = (
				0549085F63153E8E7D9D736D /* LiquidCodeTests */,
			);
			path = Tests;
			sourceTree = "<group>";
		};
		0549085F63153E8E7D9D736D /* LiquidCodeTests */ = {
			isa = PBXGroup;
			children = (
				A20000000000000000000011 /* FeatureModelRegressionTests.swift */,
				A20000000000000000000012 /* OnboardingMigrationTests.swift */,
				A20000000000000000000013 /* ReleaseHelperTests.swift */,
				A20000000000000000000014 /* RuntimeParityTests.swift */,
				A20000000000000000000015 /* SkillRegressionTests.swift */,
				DB231C409ABA55190E919DE8 /* StreamEventParserTests.swift */,
			);
			path = LiquidCodeTests;
			sourceTree = "<group>";
		};
		567F2FDE2E8D3E9A09D6C13B /* resources */ = {
			isa = PBXGroup;
			children = (
				A10000000000000000000002 /* Assets.xcassets */,
				A10000000000000000000004 /* en.lproj */,
				A10000000000000000000006 /* zh-Hans.lproj */,
				A10000000000000000000008 /* latest.json */,
				A10000000000000000000010 /* AppIcon.icns */,
				EBABCC81998DC9B30C36E39B /* Info.plist */,
				47C3AAC97E5B7C32E7CC1D61 /* LiquidCode.entitlements */,
			);
			path = resources;
			sourceTree = "<group>";
		};
		4AD1C60B2E264622FC68D5B0 /* sidecar */ = {
			isa = PBXGroup;
			children = (
				95FCC289E1AF3EA6B3F6026B /* cc-agentd.mjs */,
			);
			path = sidecar;
			sourceTree = "<group>";
		};
		1E78B559816E575FC0BDB29C /* Products */ = {
			isa = PBXGroup;
			children = (
				EC8041DC4691BF74F25B1327 /* LiquidCode.app */,
				A20000000000000000000016 /* LiquidCodeTests.xctest */,
			);
			name = Products;
			sourceTree = "<group>";
		};
/* End PBXGroup section */

/* Begin PBXNativeTarget section */
		95E02616FD9FA97DEBC6A20B /* LiquidCode */ = {
			isa = PBXNativeTarget;
			buildConfigurationList = E31BA15CC04B0F0B923553D1 /* Build configuration list for PBXNativeTarget "LiquidCode" */;
			buildPhases = (
				A18B20B6736D268A64482301 /* Sources */,
				638E26A450C0634CF4CB1AE4 /* Frameworks */,
				BCE9B817235E10533480790E /* Resources */,
			);
			buildRules = (
			);
			dependencies = (
			);
			name = LiquidCode;
			productName = LiquidCode;
			productReference = EC8041DC4691BF74F25B1327 /* LiquidCode.app */;
			productType = "com.apple.product-type.application";
		};
		A20000000000000000000019 /* LiquidCodeTests */ = {
			isa = PBXNativeTarget;
			buildConfigurationList = A20000000000000000000020 /* Build configuration list for PBXNativeTarget "LiquidCodeTests" */;
			buildPhases = (
				A20000000000000000000021 /* Sources */,
				A20000000000000000000018 /* Frameworks */,
				A20000000000000000000022 /* Resources */,
			);
			buildRules = (
			);
			dependencies = (
				A20000000000000000000023 /* PBXTargetDependency */,
			);
			name = LiquidCodeTests;
			productName = LiquidCodeTests;
			productReference = A20000000000000000000016 /* LiquidCodeTests.xctest */;
			productType = "com.apple.product-type.bundle.unit-test";
		};
/* End PBXNativeTarget section */

/* Begin PBXProject section */
		9E88446A3F44B57E975BE17B /* Project object */ = {
			isa = PBXProject;
			attributes = {
				BuildIndependentTargetsInParallel = 1;
				LastSwiftUpdateCheck = 2700;
				LastUpgradeCheck = 2700;
				TargetAttributes = {
					95E02616FD9FA97DEBC6A20B = {
						CreatedOnToolsVersion = 27.0;
						ProvisioningStyle = Manual;
					};
				};
			};
			buildConfigurationList = 314425BAD361EE8153704C56 /* Build configuration list for PBXProject "LiquidCode" */;
			compatibilityVersion = "Xcode 14.0";
			developmentRegion = en;
			hasScannedForEncodings = 0;
			knownRegions = (
				en,
				Base,
				zh-Hans,
			);
			mainGroup = 2EB2D8158FC6EF9EB19CB439;
			productRefGroup = 1E78B559816E575FC0BDB29C /* Products */;
			projectDirPath = "";
			projectRoot = "";
			targets = (
				95E02616FD9FA97DEBC6A20B /* LiquidCode */,
				A20000000000000000000019 /* LiquidCodeTests */,
			);
		};
/* End PBXProject section */

/* Begin PBXResourcesBuildPhase section */
		BCE9B817235E10533480790E /* Resources */ = {
			isa = PBXResourcesBuildPhase;
			buildActionMask = 2147483647;
			files = (
				A10000000000000000000001 /* Assets.xcassets in Resources */,
				A10000000000000000000003 /* en.lproj in Resources */,
				A10000000000000000000005 /* zh-Hans.lproj in Resources */,
				A10000000000000000000007 /* latest.json in Resources */,
				A10000000000000000000009 /* AppIcon.icns in Resources */,
				1AE55374E532E0E4B49DB4BD /* cc-agentd.mjs in Resources */,
			);
			runOnlyForDeploymentPostprocessing = 0;
		};
		A20000000000000000000022 /* Resources */ = {
			isa = PBXResourcesBuildPhase;
			buildActionMask = 2147483647;
			files = (
			);
			runOnlyForDeploymentPostprocessing = 0;
		};
/* End PBXResourcesBuildPhase section */

/* Begin PBXSourcesBuildPhase section */
		A18B20B6736D268A64482301 /* Sources */ = {
			isa = PBXSourcesBuildPhase;
			buildActionMask = 2147483647;
			files = (
				481327A8FF5E06A444021B4F /* LiquidCodeApp.swift in Sources */,
				F6B5F45FFF55524ACEAAED39 /* AppModel.swift in Sources */,
				B5D3071441A17FAEE9299538 /* Views.swift in Sources */,
				67DED845EB0AA5BBB0AE3A15 /* Services.swift in Sources */,
				4A6F2B3C1D9E4F5081A2B3C4 /* OnboardingService.swift in Sources */,
				B56B92B498FAD87AE5F9323B /* FeatureModels.swift in Sources */,
				C28E3B592A560C32484F497E /* Models.swift in Sources */,
				255A9E666B82E3DE6F816346 /* OperationalServices.swift in Sources */,
				3AEAC5D857E3702918C33289 /* NativeGlass.swift in Sources */,
				10C08B657860B017423A3F77 /* ClaudeCLIEngine.swift in Sources */,
			);
			runOnlyForDeploymentPostprocessing = 0;
		};
		A20000000000000000000021 /* Sources */ = {
			isa = PBXSourcesBuildPhase;
			buildActionMask = 2147483647;
			files = (
				A20000000000000000000001 /* FeatureModelRegressionTests.swift in Sources */,
				A20000000000000000000002 /* OnboardingMigrationTests.swift in Sources */,
				A20000000000000000000003 /* ReleaseHelperTests.swift in Sources */,
				A20000000000000000000004 /* RuntimeParityTests.swift in Sources */,
				A20000000000000000000005 /* SkillRegressionTests.swift in Sources */,
				A20000000000000000000006 /* StreamEventParserTests.swift in Sources */,
			);
			runOnlyForDeploymentPostprocessing = 0;
		};
/* End PBXSourcesBuildPhase section */

/* Begin PBXTargetDependency section */
		A20000000000000000000023 /* PBXTargetDependency */ = {
			isa = PBXTargetDependency;
			target = 95E02616FD9FA97DEBC6A20B /* LiquidCode */;
			targetProxy = A20000000000000000000017 /* PBXContainerItemProxy */;
		};
/* End PBXTargetDependency section */

/* Begin XCBuildConfiguration section */
		06638E962A6E8E2ACAE332C2 /* Debug */ = {
			isa = XCBuildConfiguration;
			buildSettings = {
				ALWAYS_SEARCH_USER_PATHS = NO;
				CLANG_ENABLE_MODULES = YES;
				CLANG_ENABLE_OBJC_ARC = YES;
				COPY_PHASE_STRIP = NO;
				DEBUG_INFORMATION_FORMAT = dwarf;
				ENABLE_STRICT_OBJC_MSGSEND = YES;
				ENABLE_TESTABILITY = YES;
				GCC_NO_COMMON_BLOCKS = YES;
				GCC_OPTIMIZATION_LEVEL = 0;
				MACOSX_DEPLOYMENT_TARGET = 15.0;
				SDKROOT = macosx;
				SWIFT_ACTIVE_COMPILATION_CONDITIONS = DEBUG;
				SWIFT_OPTIMIZATION_LEVEL = "-Onone";
				SWIFT_VERSION = 6.0;
			};
			name = Debug;
		};
		BF26485C9BD55CCDFED10BBB /* Release */ = {
			isa = XCBuildConfiguration;
			buildSettings = {
				ALWAYS_SEARCH_USER_PATHS = NO;
				CLANG_ENABLE_MODULES = YES;
				CLANG_ENABLE_OBJC_ARC = YES;
				COPY_PHASE_STRIP = NO;
				DEBUG_INFORMATION_FORMAT = "dwarf-with-dsym";
				ENABLE_NS_ASSERTIONS = NO;
				ENABLE_STRICT_OBJC_MSGSEND = YES;
				GCC_NO_COMMON_BLOCKS = YES;
				MACOSX_DEPLOYMENT_TARGET = 15.0;
				SDKROOT = macosx;
				SWIFT_COMPILATION_MODE = wholemodule;
				SWIFT_OPTIMIZATION_LEVEL = "-O";
				SWIFT_VERSION = 6.0;
			};
			name = Release;
		};
		C6F7D77CFEE3F3714426E427 /* Debug */ = {
			isa = XCBuildConfiguration;
			buildSettings = {
				ASSETCATALOG_COMPILER_APPICON_NAME = AppIcon;
				CODE_SIGN_ENTITLEMENTS = resources/LiquidCode.entitlements;
				CODE_SIGN_IDENTITY = "-";
				CODE_SIGN_STYLE = Manual;
				CURRENT_PROJECT_VERSION = 1;
				DEVELOPMENT_TEAM = "";
				ENABLE_HARDENED_RUNTIME = YES;
				GENERATE_INFOPLIST_FILE = NO;
				INFOPLIST_FILE = resources/Info.plist;
				LD_RUNPATH_SEARCH_PATHS = "$(inherited) @executable_path/../Frameworks";
				MARKETING_VERSION = 0.1.0;
				PRODUCT_BUNDLE_IDENTIFIER = moe.aili.LiquidCode;
				PRODUCT_MODULE_NAME = LiquidCode;
				PRODUCT_NAME = LiquidCode;
				SWIFT_VERSION = 6.0;
			};
			name = Debug;
		};
		9F8E5B827E07885EFAD454FC /* Release */ = {
			isa = XCBuildConfiguration;
			buildSettings = {
				ASSETCATALOG_COMPILER_APPICON_NAME = AppIcon;
				CODE_SIGN_ENTITLEMENTS = resources/LiquidCode.entitlements;
				CODE_SIGN_IDENTITY = "-";
				CODE_SIGN_STYLE = Manual;
				CURRENT_PROJECT_VERSION = 1;
				DEVELOPMENT_TEAM = "";
				ENABLE_HARDENED_RUNTIME = YES;
				GENERATE_INFOPLIST_FILE = NO;
				INFOPLIST_FILE = resources/Info.plist;
				LD_RUNPATH_SEARCH_PATHS = "$(inherited) @executable_path/../Frameworks";
				MARKETING_VERSION = 0.1.0;
				PRODUCT_BUNDLE_IDENTIFIER = moe.aili.LiquidCode;
				PRODUCT_MODULE_NAME = LiquidCode;
				PRODUCT_NAME = LiquidCode;
				SWIFT_VERSION = 6.0;
			};
			name = Release;
		};
		A20000000000000000000024 /* Debug */ = {
			isa = XCBuildConfiguration;
			buildSettings = {
				BUNDLE_LOADER = "$(TEST_HOST)";
				CODE_SIGN_IDENTITY = "-";
				CODE_SIGN_STYLE = Manual;
				DEVELOPMENT_TEAM = "";
				GENERATE_INFOPLIST_FILE = YES;
				LD_RUNPATH_SEARCH_PATHS = "$(inherited) @executable_path/../Frameworks @loader_path/../Frameworks";
				MACOSX_DEPLOYMENT_TARGET = 15.0;
				PRODUCT_BUNDLE_IDENTIFIER = moe.aili.LiquidCodeTests;
				PRODUCT_NAME = "$(TARGET_NAME)";
				SWIFT_VERSION = 6.0;
				TEST_HOST = "$(BUILT_PRODUCTS_DIR)/LiquidCode.app/Contents/MacOS/LiquidCode";
			};
			name = Debug;
		};
		A20000000000000000000025 /* Release */ = {
			isa = XCBuildConfiguration;
			buildSettings = {
				BUNDLE_LOADER = "$(TEST_HOST)";
				CODE_SIGN_IDENTITY = "-";
				CODE_SIGN_STYLE = Manual;
				DEVELOPMENT_TEAM = "";
				GENERATE_INFOPLIST_FILE = YES;
				LD_RUNPATH_SEARCH_PATHS = "$(inherited) @executable_path/../Frameworks @loader_path/../Frameworks";
				MACOSX_DEPLOYMENT_TARGET = 15.0;
				PRODUCT_BUNDLE_IDENTIFIER = moe.aili.LiquidCodeTests;
				PRODUCT_NAME = "$(TARGET_NAME)";
				SWIFT_VERSION = 6.0;
				TEST_HOST = "$(BUILT_PRODUCTS_DIR)/LiquidCode.app/Contents/MacOS/LiquidCode";
			};
			name = Release;
		};
/* End XCBuildConfiguration section */

/* Begin XCConfigurationList section */
		314425BAD361EE8153704C56 /* Build configuration list for PBXProject "LiquidCode" */ = {
			isa = XCConfigurationList;
			buildConfigurations = (
				06638E962A6E8E2ACAE332C2 /* Debug */,
				BF26485C9BD55CCDFED10BBB /* Release */,
			);
			defaultConfigurationIsVisible = 0;
			defaultConfigurationName = Release;
		};
		E31BA15CC04B0F0B923553D1 /* Build configuration list for PBXNativeTarget "LiquidCode" */ = {
			isa = XCConfigurationList;
			buildConfigurations = (
				C6F7D77CFEE3F3714426E427 /* Debug */,
				9F8E5B827E07885EFAD454FC /* Release */,
			);
			defaultConfigurationIsVisible = 0;
			defaultConfigurationName = Release;
		};
		A20000000000000000000020 /* Build configuration list for PBXNativeTarget "LiquidCodeTests" */ = {
			isa = XCConfigurationList;
			buildConfigurations = (
				A20000000000000000000024 /* Debug */,
				A20000000000000000000025 /* Release */,
			);
			defaultConfigurationIsVisible = 0;
			defaultConfigurationName = Release;
		};
/* End XCConfigurationList section */
	};
	rootObject = 9E88446A3F44B57E975BE17B /* Project object */;
}
